
Microsoft Visual Studio Solution File, Format Version 12.00
# Visual Studio 15
VisualStudioVersion = 15.0.27703.2000
MinimumVisualStudioVersion = 10.0.40219.1
Project("{FAE04EC0-301F-11D3-BF4B-00C04F79EFBC}") = "Game_ShiPsvAsteroidS(SPAS)", "Akhmerov_HomeWork_1\Game_ShiPsvAsteroidS(SPAS).csproj", "{DF074648-16BB-4841-9112-7FB6E5BA29E0}"
EndProject
Project("{FAE04EC0-301F-11D3-BF4B-00C04F79EFBC}") = "HomeWork_4", "HomeWork_4\HomeWork_4.csproj", "{B0B6015C-F2DC-4B3E-A3C1-A97CBF60F594}"
EndProject
Global
	GlobalSection(SolutionConfigurationPlatforms) = preSolution
		Debug|Any CPU = Debug|Any CPU
		Release|Any CPU = Release|Any CPU
	EndGlobalSection
	GlobalSection(ProjectConfigurationPlatforms) = postSolution
		{DF074648-16BB-4841-9112-7FB6E5BA29E0}.Debug|Any CPU.ActiveCfg = Debug|Any CPU
		{DF074648-16BB-4841-9112-7FB6E5BA29E0}.Debug|Any CPU.Build.0 = Debug|Any CPU
		{DF074648-16BB-4841-9112-7FB6E5BA29E0}.Release|Any CPU.ActiveCfg = Release|Any CPU
		{DF074648-16BB-4841-9112-7FB6E5BA29E0}.Release|Any CPU.Build.0 = Release|Any CPU
		{B0B6015C-F2DC-4B3E-A3C1-A97CBF60F594}.Debug|Any CPU.ActiveCfg = Debug|Any CPU
		{B0B6015C-F2DC-4B3E-A3C1-A97CBF60F594}.Debug|Any CPU.Build.0 = Debug|Any CPU
		{B0B6015C-F2DC-4B3E-A3C1-A97CBF60F594}.Release|Any CPU.ActiveCfg = Release|Any CPU
		{B0B6015C-F2DC-4B3E-A3C1-A97CBF60F594}.Release|Any CPU.Build.0 = Release|Any CPU
	EndGlobalSection
	GlobalSection(SolutionProperties) = preSolution
		HideSolutionNode = FALSE
	EndGlobalSection
	GlobalSection(ExtensibilityGlobals) = postSolution
		SolutionGuid = {046C600B-9171-4FA0-99E0-763B19564539}
	EndGlobalSection
EndGlobal
